// !$*UTF8*$!
{
	archiveVersion = 1;
	classes = {
	};
	objectVersion = 46;
	objects = {

/* Begin PBXBuildFile section */
		1F74A6F21DF5211B0073314D /* GalleryViewController.swift in Sources */ = {isa = PBXBuildFile; fileRef = 1F74A6F11DF5211B0073314D /* GalleryViewController.swift */; };
		1F74A6F71DF53A710073314D /* ColorScheme.swift in Sources */ = {isa = PBXBuildFile; fileRef = 1F74A6F61DF53A710073314D /* ColorScheme.swift */; };
		1FA73EC81DF453B700282BE9 /* AppDelegate.swift in Sources */ = {isa = PBXBuildFile; fileRef = 1FA73EC71DF453B700282BE9 /* AppDelegate.swift */; };
		1FA73ECA1DF453B700282BE9 /* DrawingViewController.swift in Sources */ = {isa = PBXBuildFile; fileRef = 1FA73EC91DF453B700282BE9 /* DrawingViewController.swift */; };
		1FA73ECD1DF453B700282BE9 /* Main.storyboard in Resources */ = {isa = PBXBuildFile; fileRef = 1FA73ECB1DF453B700282BE9 /* Main.storyboard */; };
		1FA73ED01DF453B700282BE9 /* Brush.xcdatamodeld in Sources */ = {isa = PBXBuildFile; fileRef = 1FA73ECE1DF453B700282BE9 /* Brush.xcdatamodeld */; };
		1FA73ED21DF453B700282BE9 /* Assets.xcassets in Resources */ = {isa = PBXBuildFile; fileRef = 1FA73ED11DF453B700282BE9 /* Assets.xcassets */; };
		1FA73ED51DF453B700282BE9 /* LaunchScreen.storyboard in Resources */ = {isa = PBXBuildFile; fileRef = 1FA73ED31DF453B700282BE9 /* LaunchScreen.storyboard */; };
/* End PBXBuildFile section */

/* Begin PBXFileReference section */
		1F74A6F11DF5211B0073314D /* GalleryViewController.swift */ = {isa = PBXFileReference; fileEncoding = 4; lastKnownFileType = sourcecode.swift; path = GalleryViewController.swift; sourceTree = "<group>"; };
		1F74A6F61DF53A710073314D /* ColorScheme.swift */ = {isa = PBXFileReference; fileEncoding = 4; lastKnownFileType = sourcecode.swift; path = ColorScheme.swift; sourceTree = "<group>"; };
		1FA73EC41DF453B700282BE9 /* Brush.app */ = {isa = PBXFileReference; explicitFileType = wrapper.application; includeInIndex = 0; path = Brush.app; sourceTree = BUILT_PRODUCTS_DIR; };
		1FA73EC71DF453B700282BE9 /* AppDelegate.swift */ = {isa = PBXFileReference; lastKnownFileType = sourcecode.swift; path = AppDelegate.swift; sourceTree = "<group>"; };
		1FA73EC91DF453B700282BE9 /* DrawingViewController.swift */ = {isa = PBXFileReference; lastKnownFileType = sourcecode.swift; path = DrawingViewController.swift; sourceTree = "<group>"; };
		1FA73ECC1DF453B700282BE9 /* Base */ = {isa = PBXFileReference; lastKnownFileType = file.storyboard; name = Base; path = Base.lproj/Main.storyboard; sourceTree = "<group>"; };
		1FA73ECF1DF453B700282BE9 /* Brush.xcdatamodel */ = {isa = PBXFileReference; lastKnownFileType = wrapper.xcdatamodel; path = Brush.xcdatamodel; sourceTree = "<group>"; };
		1FA73ED11DF453B700282BE9 /* Assets.xcassets */ = {isa = PBXFileReference; lastKnownFileType = folder.assetcatalog; path = Assets.xcassets; sourceTree = "<group>"; };
		1FA73ED41DF453B700282BE9 /* Base */ = {isa = PBXFileReference; lastKnownFileType = file.storyboard; name = Base; path = Base.lproj/LaunchScreen.storyboard; sourceTree = "<group>"; };
		1FA73ED61DF453B700282BE9 /* Info.plist */ = {isa = PBXFileReference; lastKnownFileType = text.plist.xml; path = Info.plist; sourceTree = "<group>"; };
/* End PBXFileReference section */

/* Begin PBXFrameworksBuildPhase section */
		1FA73EC11DF453B700282BE9 /* Frameworks */ = {
			isa = PBXFrameworksBuildPhase;
			buildActionMask = 2147483647;
			files = (
			);
			runOnlyForDeploymentPostprocessing = 0;
		};
/* End PBXFrameworksBuildPhase section */

/* Begin PBXGroup section */
		1F74A6F31DF53A410073314D /* Model */ = {
			isa = PBXGroup;
			children = (
				1F74A6F61DF53A710073314D /* ColorScheme.swift */,
			);
			name = Model;
			sourceTree = "<group>";
		};
		1F74A6F41DF53A4F0073314D /* View */ = {
			isa = PBXGroup;
			children = (
			);
			name = View;
			sourceTree = "<group>";
		};
		1F74A6F51DF53A540073314D /* Controller */ = {
			isa = PBXGroup;
			children = (
				1F74A6F11DF5211B0073314D /* GalleryViewController.swift */,
				1FA73EC91DF453B700282BE9 /* DrawingViewController.swift */,
			);
			name = Controller;
			sourceTree = "<group>";
		};
		1FA73EBB1DF453B700282BE9 = {
			isa = PBXGroup;
			children = (
				1FA73EC61DF453B700282BE9 /* Brush */,
				1FA73EC51DF453B700282BE9 /* Products */,
			);
			sourceTree = "<group>";
		};
		1FA73EC51DF453B700282BE9 /* Products */ = {
			isa = PBXGroup;
			children = (
				1FA73EC41DF453B700282BE9 /* Brush.app */,
			);
			name = Products;
			sourceTree = "<group>";
		};
		1FA73EC61DF453B700282BE9 /* Brush */ = {
			isa = PBXGroup;
			children = (
				1F74A6F31DF53A410073314D /* Model */,
				1F74A6F41DF53A4F0073314D /* View */,
				1F74A6F51DF53A540073314D /* Controller */,
				1FA73EC71DF453B700282BE9 /* AppDelegate.swift */,
				1FA73ECB1DF453B700282BE9 /* Main.storyboard */,
				1FA73ED11DF453B700282BE9 /* Assets.xcassets */,
				1FA73ED31DF453B700282BE9 /* LaunchScreen.storyboard */,
				1FA73ED61DF453B700282BE9 /* Info.plist */,
				1FA73ECE1DF453B700282BE9 /* Brush.xcdatamodeld */,
			);
			path = Brush;
			sourceTree = "<group>";
		};
/* End PBXGroup section */

/* Begin PBXNativeTarget section */
		1FA73EC31DF453B700282BE9 /* Brush */ = {
			isa = PBXNativeTarget;
			buildConfigurationList = 1FA73ED91DF453B700282BE9 /* Build configuration list for PBXNativeTarget "Brush" */;
			buildPhases = (
				1FA73EC01DF453B700282BE9 /* Sources */,
				1FA73EC11DF453B700282BE9 /* Frameworks */,
				1FA73EC21DF453B700282BE9 /* Resources */,
			);
			buildRules = (
			);
			dependencies = (
			);
			name = Brush;
			productName = Brush;
			productReference = 1FA73EC41DF453B700282BE9 /* Brush.app */;
			productType = "com.apple.product-type.application";
		};
/* End PBXNativeTarget section */

/* Begin PBXProject section */
		1FA73EBC1DF453B700282BE9 /* Project object */ = {
			isa = PBXProject;
			attributes = {
				LastSwiftUpdateCheck = 0810;
				LastUpgradeCheck = 0810;
				ORGANIZATIONNAME = "Ken Siu";
				TargetAttributes = {
					1FA73EC31DF453B700282BE9 = {
						CreatedOnToolsVersion = 8.1;
						DevelopmentTeam = J7X9SXGFF7;
						ProvisioningStyle = Automatic;
					};
				};
			};
			buildConfigurationList = 1FA73EBF1DF453B700282BE9 /* Build configuration list for PBXProject "Brush" */;
			compatibilityVersion = "Xcode 3.2";
			developmentRegion = English;
			hasScannedForEncodings = 0;
			knownRegions = (
				en,
				Base,
			);
			mainGroup = 1FA73EBB1DF453B700282BE9;
			productRefGroup = 1FA73EC51DF453B700282BE9 /* Products */;
			projectDirPath = "";
			projectRoot = "";
			targets = (
				1FA73EC31DF453B700282BE9 /* Brush */,
			);
		};
/* End PBXProject section */

/* Begin PBXResourcesBuildPhase section */
		1FA73EC21DF453B700282BE9 /* Resources */ = {
			isa = PBXResourcesBuildPhase;
			buildActionMask = 2147483647;
			files = (
				1FA73ED51DF453B700282BE9 /* LaunchScreen.storyboard in Resources */,
				1FA73ED21DF453B700282BE9 /* Assets.xcassets in Resources */,
				1FA73ECD1DF453B700282BE9 /* Main.storyboard in Resources */,
			);
			runOnlyForDeploymentPostprocessing = 0;
		};
/* End PBXResourcesBuildPhase section */

/* Begin PBXSourcesBuildPhase section */
		1FA73EC01DF453B700282BE9 /* Sources */ = {
			isa = PBXSourcesBuildPhase;
			buildActionMask = 2147483647;
			files = (
				1FA73ECA1DF453B700282BE9 /* DrawingViewController.swift in Sources */,
				1F74A6F71DF53A710073314D /* ColorScheme.swift in Sources */,
				1F74A6F21DF5211B0073314D /* GalleryViewController.swift in Sources */,
				1FA73ED01DF453B700282BE9 /* Brush.xcdatamodeld in Sources */,
				1FA73EC81DF453B700282BE9 /* AppDelegate.swift in Sources */,
			);
			runOnlyForDeploymentPostprocessing = 0;
		};
/* End PBXSourcesBuildPhase section */

/* Begin PBXVariantGroup section */
		1FA73ECB1DF453B700282BE9 /* Main.storyboard */ = {
			isa = PBXVariantGroup;
			children = (
				1FA73ECC1DF453B700282BE9 /* Base */,
			);
			name = Main.storyboard;
			sourceTree = "<group>";
		};
		1FA73ED31DF453B700282BE9 /* LaunchScreen.storyboard */ = {
			isa = PBXVariantGroup;
			children = (
				1FA73ED41DF453B700282BE9 /* Base */,
			);
			name = LaunchScreen.storyboard;
			sourceTree = "<group>";
		};
/* End PBXVariantGroup section */

/* Begin XCBuildConfiguration section */
		1FA73ED71DF453B700282BE9 /* Debug */ = {
			isa = XCBuildConfiguration;
			buildSettings = {
				ALWAYS_SEARCH_USER_PATHS = NO;
				CLANG_ANALYZER_NONNULL = YES;
				CLANG_CXX_LANGUAGE_STANDARD = "gnu++0x";
				CLANG_CXX_LIBRARY = "libc++";
				CLANG_ENABLE_MODULES = YES;
				CLANG_ENABLE_OBJC_ARC = YES;
				CLANG_WARN_BOOL_CONVERSION = YES;
				CLANG_WARN_CONSTANT_CONVERSION = YES;
				CLANG_WARN_DIRECT_OBJC_ISA_USAGE = YES_ERROR;
				CLANG_WARN_DOCUMENTATION_COMMENTS = YES;
				CLANG_WARN_EMPTY_BODY = YES;
				CLANG_WARN_ENUM_CONVERSION = YES;
				CLANG_WARN_INFINITE_RECURSION = YES;
				CLANG_WARN_INT_CONVERSION = YES;
				CLANG_WARN_OBJC_ROOT_CLASS = YES_ERROR;
				CLANG_WARN_SUSPICIOUS_MOVES = YES;
				CLANG_WARN_UNREACHABLE_CODE = YES;
				CLANG_WARN__DUPLICATE_METHOD_MATCH = YES;
				"CODE_SIGN_IDENTITY[sdk=iphoneos*]" = "iPhone Developer";
				COPY_PHASE_STRIP = NO;
				DEBUG_INFORMATION_FORMAT = dwarf;
				ENABLE_STRICT_OBJC_MSGSEND = YES;
				ENABLE_TESTABILITY = YES;
				GCC_C_LANGUAGE_STANDARD = gnu99;
				GCC_DYNAMIC_NO_PIC = NO;
				GCC_NO_COMMON_BLOCKS = YES;
				GCC_OPTIMIZATION_LEVEL = 0;
				GCC_PREPROCESSOR_DEFINITIONS = (
					"DEBUG=1",
					"$(inherited)",
				);
				GCC_WARN_64_TO_32_BIT_CONVERSION = YES;
				GCC_WARN_ABOUT_RETURN_TYPE = YES_ERROR;
				GCC_WARN_UNDECLARED_SELECTOR = YES;
				GCC_WARN_UNINITIALIZED_AUTOS = YES_AGGRESSIVE;
				GCC_WARN_UNUSED_FUNCTION = YES;
				GCC_WARN_UNUSED_VARIABLE = YES;
				IPHONEOS_DEPLOYMENT_TARGET = 10.1;
				MTL_ENABLE_DEBUG_INFO = YES;
				ONLY_ACTIVE_ARCH = YES;
				SDKROOT = iphoneos;
				SWIFT_ACTIVE_COMPILATION_CONDITIONS = DEBUG;
				SWIFT_OPTIMIZATION_LEVEL = "-Onone";
				TARGETED_DEVICE_FAMILY = "1,2";
			};
			name = Debug;
		};
		1FA73ED81DF453B700282BE9 /* Release */ = {
			isa = XCBuildConfiguration;
			buildSettings = {
				ALWAYS_SEARCH_USER_PATHS = NO;
				CLANG_ANALYZER_NONNULL = YES;
				CLANG_CXX_LANGUAGE_STANDARD = "gnu++0x";
				CLANG_CXX_LIBRARY = "libc++";
				CLANG_ENABLE_MODULES = YES;
				CLANG_ENABLE_OBJC_ARC = YES;
				CLANG_WARN_BOOL_CONVERSION = YES;
				CLANG_WARN_CONSTANT_CONVERSION = YES;
				CLANG_WARN_DIRECT_OBJC_ISA_USAGE = YES_ERROR;
				CLANG_WARN_DOCUMENTATION_COMMENTS = YES;
				CLANG_WARN_EMPTY_BODY = YES;
				CLANG_WARN_ENUM_CONVERSION = YES;
				CLANG_WARN_INFINITE_RECURSION = YES;
				CLANG_WARN_INT_CONVERSION = YES;
				CLANG_WARN_OBJC_ROOT_CLASS = YES_ERROR;
				CLANG_WARN_SUSPICIOUS_MOVES = YES;
				CLANG_WARN_UNREACHABLE_CODE = YES;
				CLANG_WARN__DUPLICATE_METHOD_MATCH = YES;
				"CODE_SIGN_IDENTITY[sdk=iphoneos*]" = "iPhone Developer";
				COPY_PHASE_STRIP = NO;
				DEBUG_INFORMATION_FORMAT = "dwarf-with-dsym";
				ENABLE_NS_ASSERTIONS = NO;
				ENABLE_STRICT_OBJC_MSGSEND = YES;
				GCC_C_LANGUAGE_STANDARD = gnu99;
				GCC_NO_COMMON_BLOCKS = YES;
				GCC_WARN_64_TO_32_BIT_CONVERSION = YES;
				GCC_WARN_ABOUT_RETURN_TYPE = YES_ERROR;
				GCC_WARN_UNDECLARED_SELECTOR = YES;
				GCC_WARN_UNINITIALIZED_AUTOS = YES_AGGRESSIVE;
				GCC_WARN_UNUSED_FUNCTION = YES;
				GCC_WARN_UNUSED_VARIABLE = YES;
				IPHONEOS_DEPLOYMENT_TARGET = 10.1;
				MTL_ENABLE_DEBUG_INFO = NO;
				SDKROOT = iphoneos;
				SWIFT_OPTIMIZATION_LEVEL = "-Owholemodule";
				TARGETED_DEVICE_FAMILY = "1,2";
				VALIDATE_PRODUCT = YES;
			};
			name = Release;
		};
		1FA73EDA1DF453B700282BE9 /* Debug */ = {
			isa = XCBuildConfiguration;
			buildSettings = {
				ASSETCATALOG_COMPILER_APPICON_NAME = AppIcon;
				DEVELOPMENT_TEAM = J7X9SXGFF7;
				INFOPLIST_FILE = Brush/Info.plist;
				LD_RUNPATH_SEARCH_PATHS = "$(inherited) @executable_path/Frameworks";
				PRODUCT_BUNDLE_IDENTIFIER = KenSiu.Brush;
				PRODUCT_NAME = "$(TARGET_NAME)";
				SWIFT_VERSION = 3.0;
			};
			name = Debug;
		};
		1FA73EDB1DF453B700282BE9 /* Release */ = {
			isa = XCBuildConfiguration;
			buildSettings = {
				ASSETCATALOG_COMPILER_APPICON_NAME = AppIcon;
				DEVELOPMENT_TEAM = J7X9SXGFF7;
				INFOPLIST_FILE = Brush/Info.plist;
				LD_RUNPATH_SEARCH_PATHS = "$(inherited) @executable_path/Frameworks";
				PRODUCT_BUNDLE_IDENTIFIER = KenSiu.Brush;
				PRODUCT_NAME = "$(TARGET_NAME)";
				SWIFT_VERSION = 3.0;
			};
			name = Release;
		};
/* End XCBuildConfiguration section */

/* Begin XCConfigurationList section */
		1FA73EBF1DF453B700282BE9 /* Build configuration list for PBXProject "Brush" */ = {
			isa = XCConfigurationList;
			buildConfigurations = (
				1FA73ED71DF453B700282BE9 /* Debug */,
				1FA73ED81DF453B700282BE9 /* Release */,
			);
			defaultConfigurationIsVisible = 0;
			defaultConfigurationName = Release;
		};
		1FA73ED91DF453B700282BE9 /* Build configuration list for PBXNativeTarget "Brush" */ = {
			isa = XCConfigurationList;
			buildConfigurations = (
				1FA73EDA1DF453B700282BE9 /* Debug */,
				1FA73EDB1DF453B700282BE9 /* Release */,
			);
			defaultConfigurationIsVisible = 0;
			defaultConfigurationName = Release;
		};
/* End XCConfigurationList section */

/* Begin XCVersionGroup section */
		1FA73ECE1DF453B700282BE9 /* Brush.xcdatamodeld */ = {
			isa = XCVersionGroup;
			children = (
				1FA73ECF1DF453B700282BE9 /* Brush.xcdatamodel */,
			);
			currentVersion = 1FA73ECF1DF453B700282BE9 /* Brush.xcdatamodel */;
			path = Brush.xcdatamodeld;
			sourceTree = "<group>";
			versionGroupType = wrapper.xcdatamodel;
		};
/* End XCVersionGroup section */
	};
	rootObject = 1FA73EBC1DF453B700282BE9 /* Project object */;
}
